
Microsoft Visual Studio Solution File, Format Version 12.00
# Visual Studio Version 17
VisualStudioVersion = 17.6.33801.468
MinimumVisualStudioVersion = 10.0.40219.1
Project("{9A19103F-16F7-4668-BE54-9A1E7A4F7556}") = "Stage0", "Stage0\Stage0.csproj", "{8D5BD322-C35E-449C-B4F5-2219833F9068}"
EndProject
Project("{2150E333-8FDC-42A3-9474-1A3956D46DE8}") = "Solution Items", "Solution Items", "{6F22FA15-77B8-455F-8B62-68ED1A8997F3}"
	ProjectSection(SolutionItems) = preProject
		README.md = README.md
	EndProjectSection
EndProject
Project("{9A19103F-16F7-4668-BE54-9A1E7A4F7556}") = "DalFacade", "DalFacade\DalFacade.csproj", "{5D42998A-6474-4376-AF1A-69AA5AB9118B}"
EndProject
Project("{9A19103F-16F7-4668-BE54-9A1E7A4F7556}") = "DalList", "DalList\DalList.csproj", "{FB3D3994-D510-4C01-8A99-80A9986E096A}"
EndProject
Project("{9A19103F-16F7-4668-BE54-9A1E7A4F7556}") = "DalTest", "DalTest\DalTest.csproj", "{26A0EA2F-4E50-4389-B972-DCE34070C293}"
EndProject
Project("{9A19103F-16F7-4668-BE54-9A1E7A4F7556}") = "DalXml", "DalXml\DalXml.csproj", "{C95EF7BD-8E3D-471B-8308-812302B42BD9}"
EndProject
Project("{2150E333-8FDC-42A3-9474-1A3956D46DE8}") = "xml", "xml", "{C7F5DEFF-9FAD-4CE7-AA40-803B9D13F061}"
	ProjectSection(SolutionItems) = preProject
		xml\assignments.xml = xml\assignments.xml
		xml\calls.xml = xml\calls.xml
		xml\dal-config.xml = xml\dal-config.xml
		xml\data-config.xml = xml\data-config.xml
		xml\volunteers.xml = xml\volunteers.xml
	EndProjectSection
EndProject
Project("{FAE04EC0-301F-11D3-BF4B-00C04F79EFBC}") = "BL", "BL\BL.csproj", "{AA281119-BE59-4A4D-9C93-88188FA1919F}"
EndProject
Project("{FAE04EC0-301F-11D3-BF4B-00C04F79EFBC}") = "BlTest", "BlTest\BlTest.csproj", "{EDDA7940-304F-464D-A63D-3DC05B2E873F}"
EndProject
Global
	GlobalSection(SolutionConfigurationPlatforms) = preSolution
		Debug|Any CPU = Debug|Any CPU
		Release|Any CPU = Release|Any CPU
	EndGlobalSection
	GlobalSection(ProjectConfigurationPlatforms) = postSolution
		{8D5BD322-C35E-449C-B4F5-2219833F9068}.Debug|Any CPU.ActiveCfg = Debug|Any CPU
		{8D5BD322-C35E-449C-B4F5-2219833F9068}.Debug|Any CPU.Build.0 = Debug|Any CPU
		{8D5BD322-C35E-449C-B4F5-2219833F9068}.Release|Any CPU.ActiveCfg = Release|Any CPU
		{8D5BD322-C35E-449C-B4F5-2219833F9068}.Release|Any CPU.Build.0 = Release|Any CPU
		{5D42998A-6474-4376-AF1A-69AA5AB9118B}.Debug|Any CPU.ActiveCfg = Debug|Any CPU
		{5D42998A-6474-4376-AF1A-69AA5AB9118B}.Debug|Any CPU.Build.0 = Debug|Any CPU
		{5D42998A-6474-4376-AF1A-69AA5AB9118B}.Release|Any CPU.ActiveCfg = Release|Any CPU
		{5D42998A-6474-4376-AF1A-69AA5AB9118B}.Release|Any CPU.Build.0 = Release|Any CPU
		{FB3D3994-D510-4C01-8A99-80A9986E096A}.Debug|Any CPU.ActiveCfg = Debug|Any CPU
		{FB3D3994-D510-4C01-8A99-80A9986E096A}.Debug|Any CPU.Build.0 = Debug|Any CPU
		{FB3D3994-D510-4C01-8A99-80A9986E096A}.Release|Any CPU.ActiveCfg = Release|Any CPU
		{FB3D3994-D510-4C01-8A99-80A9986E096A}.Release|Any CPU.Build.0 = Release|Any CPU
		{26A0EA2F-4E50-4389-B972-DCE34070C293}.Debug|Any CPU.ActiveCfg = Debug|Any CPU
		{26A0EA2F-4E50-4389-B972-DCE34070C293}.Debug|Any CPU.Build.0 = Debug|Any CPU
		{26A0EA2F-4E50-4389-B972-DCE34070C293}.Release|Any CPU.ActiveCfg = Release|Any CPU
		{26A0EA2F-4E50-4389-B972-DCE34070C293}.Release|Any CPU.Build.0 = Release|Any CPU
		{C95EF7BD-8E3D-471B-8308-812302B42BD9}.Debug|Any CPU.ActiveCfg = Debug|Any CPU
		{C95EF7BD-8E3D-471B-8308-812302B42BD9}.Debug|Any CPU.Build.0 = Debug|Any CPU
		{C95EF7BD-8E3D-471B-8308-812302B42BD9}.Release|Any CPU.ActiveCfg = Release|Any CPU
		{C95EF7BD-8E3D-471B-8308-812302B42BD9}.Release|Any CPU.Build.0 = Release|Any CPU
		{AA281119-BE59-4A4D-9C93-88188FA1919F}.Debug|Any CPU.ActiveCfg = Debug|Any CPU
		{AA281119-BE59-4A4D-9C93-88188FA1919F}.Debug|Any CPU.Build.0 = Debug|Any CPU
		{AA281119-BE59-4A4D-9C93-88188FA1919F}.Release|Any CPU.ActiveCfg = Release|Any CPU
		{AA281119-BE59-4A4D-9C93-88188FA1919F}.Release|Any CPU.Build.0 = Release|Any CPU
		{EDDA7940-304F-464D-A63D-3DC05B2E873F}.Debug|Any CPU.ActiveCfg = Debug|Any CPU
		{EDDA7940-304F-464D-A63D-3DC05B2E873F}.Debug|Any CPU.Build.0 = Debug|Any CPU
		{EDDA7940-304F-464D-A63D-3DC05B2E873F}.Release|Any CPU.ActiveCfg = Release|Any CPU
		{EDDA7940-304F-464D-A63D-3DC05B2E873F}.Release|Any CPU.Build.0 = Release|Any CPU
	EndGlobalSection
	GlobalSection(SolutionProperties) = preSolution
		HideSolutionNode = FALSE
	EndGlobalSection
	GlobalSection(ExtensibilityGlobals) = postSolution
		SolutionGuid = {BF121524-7313-4801-AF4F-FB2D1598D4C8}
	EndGlobalSection
EndGlobal
