
Microsoft Visual Studio Solution File, Format Version 12.00
# Visual Studio Version 17
VisualStudioVersion = 17.8.34316.72
MinimumVisualStudioVersion = 10.0.40219.1
Project("{9A19103F-16F7-4668-BE54-9A1E7A4F7556}") = "Stage0", "Stage0\Stage0.csproj", "{277135BA-8CE3-428C-80FC-CE5C78BD776D}"
EndProject
Project("{2150E333-8FDC-42A3-9474-1A3956D46DE8}") = "Solution Items", "Solution Items", "{005D7DBB-74B5-436A-B240-9A0701D4E2BF}"
	ProjectSection(SolutionItems) = preProject
		README.md = README.md
	EndProjectSection
EndProject
Global
	GlobalSection(SolutionConfigurationPlatforms) = preSolution
		Debug|Any CPU = Debug|Any CPU
		Release|Any CPU = Release|Any CPU
	EndGlobalSection
	GlobalSection(ProjectConfigurationPlatforms) = postSolution
		{277135BA-8CE3-428C-80FC-CE5C78BD776D}.Debug|Any CPU.ActiveCfg = Debug|Any CPU
		{277135BA-8CE3-428C-80FC-CE5C78BD776D}.Debug|Any CPU.Build.0 = Debug|Any CPU
		{277135BA-8CE3-428C-80FC-CE5C78BD776D}.Release|Any CPU.ActiveCfg = Release|Any CPU
		{277135BA-8CE3-428C-80FC-CE5C78BD776D}.Release|Any CPU.Build.0 = Release|Any CPU
	EndGlobalSection
	GlobalSection(SolutionProperties) = preSolution
		HideSolutionNode = FALSE
	EndGlobalSection
	GlobalSection(ExtensibilityGlobals) = postSolution
		SolutionGuid = {2A0D0B9E-B49D-4E82-992A-1F37C714DB13}
	EndGlobalSection
EndGlobal
